
Microsoft Visual Studio Solution File, Format Version 11.00
# Visual Studio 2010
Project("{FAE04EC0-301F-11D3-BF4B-00C04F79EFBC}") = "TcpTest", "TcpTest\TcpTest.csproj", "{E738BCDE-5D4B-4B07-8555-338672CFDE0F}"
EndProject
Global
	GlobalSection(SolutionConfigurationPlatforms) = preSolution
		Debug|x86 = Debug|x86
		Release|x86 = Release|x86
	EndGlobalSection
	GlobalSection(ProjectConfigurationPlatforms) = postSolution
		{E738BCDE-5D4B-4B07-8555-338672CFDE0F}.Debug|x86.ActiveCfg = Debug|x86
		{E738BCDE-5D4B-4B07-8555-338672CFDE0F}.Debug|x86.Build.0 = Debug|x86
		{E738BCDE-5D4B-4B07-8555-338672CFDE0F}.Release|x86.ActiveCfg = Release|x86
		{E738BCDE-5D4B-4B07-8555-338672CFDE0F}.Release|x86.Build.0 = Release|x86
	EndGlobalSection
	GlobalSection(SolutionProperties) = preSolution
		HideSolutionNode = FALSE
	EndGlobalSection
EndGlobal
